<?xml version="1.0" encoding="utf-8"?>
<Project ToolsVersion="4.0" xmlns="http://schemas.microsoft.com/developer/msbuild/2003">
  <ItemGroup>
    <Filter Include="源文件">
      <UniqueIdentifier>{4FC737F1-C7A5-4376-A066-2A32D752A2FF}</UniqueIdentifier>
      <Extensions>cpp;c;cc;cxx;def;odl;idl;hpj;bat;asm;asmx</Extensions>
    </Filter>
    <Filter Include="头文件">
      <UniqueIdentifier>{93995380-89BD-4b04-88EB-625FBE52EBFB}</UniqueIdentifier>
      <Extensions>h;hh;hpp;hxx;hm;inl;inc;ipp;xsd</Extensions>
    </Filter>
    <Filter Include="资源文件">
      <UniqueIdentifier>{67DA6AB6-F800-4c08-8B7A-83BB121AAD01}</UniqueIdentifier>
      <Extensions>rc;ico;cur;bmp;dlg;rc2;rct;bin;rgs;gif;jpg;jpeg;jpe;resx;tiff;tif;png;wav;mfcribbon-ms</Extensions>
    </Filter>
    <Filter Include="头文件\imgui">
      <UniqueIdentifier>{a45ec274-b11e-4ec7-b02c-b73be784184a}</UniqueIdentifier>
    </Filter>
    <Filter Include="源文件\imgui">
      <UniqueIdentifier>{30a053bd-054e-451e-8c54-eb8749f792f4}</UniqueIdentifier>
    </Filter>
    <Filter Include="源文件\Tree">
      <UniqueIdentifier>{2fcf312c-f13a-43dd-9853-c04b659f802c}</UniqueIdentifier>
    </Filter>
    <Filter Include="源文件\Assistance">
      <UniqueIdentifier>{3903a354-a23e-4ba6-8f66-e2766facb8db}</UniqueIdentifier>
    </Filter>
    <Filter Include="头文件\Tree">
      <UniqueIdentifier>{154c606b-9c83-474a-bb2f-75cf6ce0d985}</UniqueIdentifier>
    </Filter>
    <Filter Include="头文件\Assistance">
      <UniqueIdentifier>{0f8a7dbd-521f-4d12-bd0f-b896c1a262e7}</UniqueIdentifier>
    </Filter>
  </ItemGroup>
  <ItemGroup>
    <ClCompile Include="main.cpp">
      <Filter>源文件</Filter>
    </ClCompile>
    <ClCompile Include="imgui.cpp">
      <Filter>源文件\imgui</Filter>
    </ClCompile>
    <ClCompile Include="imgui_demo.cpp">
      <Filter>源文件\imgui</Filter>
    </ClCompile>
    <ClCompile Include="imgui_draw.cpp">
      <Filter>源文件\imgui</Filter>
    </ClCompile>
    <ClCompile Include="imgui_impl_glfw.cpp">
      <Filter>源文件\imgui</Filter>
    </ClCompile>
    <ClCompile Include="imgui_impl_opengl3.cpp">
      <Filter>源文件\imgui</Filter>
    </ClCompile>
    <ClCompile Include="imgui_widgets.cpp">
      <Filter>源文件\imgui</Filter>
    </ClCompile>
    <ClCompile Include="TreeGeneration.cpp">
      <Filter>源文件\Tree</Filter>
    </ClCompile>
    <ClCompile Include="Tree.cpp">
      <Filter>源文件\Tree</Filter>
    </ClCompile>
    <ClCompile Include="LSystem.cpp">
      <Filter>源文件\Tree</Filter>
    </ClCompile>
    <ClCompile Include="Grammar.cpp">
      <Filter>源文件\Tree</Filter>
    </ClCompile>
    <ClCompile Include="glad.c">
      <Filter>源文件\Assistance</Filter>
    </ClCompile>
    <ClCompile Include="stb_image.cpp">
      <Filter>源文件\Assistance</Filter>
    </ClCompile>
    <ClCompile Include="Camera.cpp">
      <Filter>源文件\Assistance</Filter>
    </ClCompile>
    <ClCompile Include="Skybox.cpp">
      <Filter>源文件</Filter>
    </ClCompile>
  </ItemGroup>
  <ItemGroup>
    <ClInclude Include="imconfig.h">
      <Filter>头文件\imgui</Filter>
    </ClInclude>
    <ClInclude Include="imgui.h">
      <Filter>头文件\imgui</Filter>
    </ClInclude>
    <ClInclude Include="imgui_impl_glfw.h">
      <Filter>头文件\imgui</Filter>
    </ClInclude>
    <ClInclude Include="imgui_impl_opengl3.h">
      <Filter>头文件\imgui</Filter>
    </ClInclude>
    <ClInclude Include="imgui_internal.h">
      <Filter>头文件\imgui</Filter>
    </ClInclude>
    <ClInclude Include="imstb_rectpack.h">
      <Filter>头文件\imgui</Filter>
    </ClInclude>
    <ClInclude Include="imstb_textedit.h">
      <Filter>头文件\imgui</Filter>
    </ClInclude>
    <ClInclude Include="imstb_truetype.h">
      <Filter>头文件\imgui</Filter>
    </ClInclude>
    <ClInclude Include="TreeGeneration.h">
      <Filter>头文件\Tree</Filter>
    </ClInclude>
    <ClInclude Include="Tree.h">
      <Filter>头文件\Tree</Filter>
    </ClInclude>
    <ClInclude Include="LSystem.h">
      <Filter>头文件\Tree</Filter>
    </ClInclude>
    <ClInclude Include="Grammar.h">
      <Filter>头文件\Tree</Filter>
    </ClInclude>
    <ClInclude Include="Camera.h">
      <Filter>头文件\Assistance</Filter>
    </ClInclude>
    <ClInclude Include="Shader.h">
      <Filter>头文件\Assistance</Filter>
    </ClInclude>
    <ClInclude Include="utils.h">
      <Filter>头文件\Assistance</Filter>
    </ClInclude>
    <ClInclude Include="Skybox.h">
      <Filter>头文件</Filter>
    </ClInclude>
  </ItemGroup>
  <ItemGroup>
    <None Include="textureShader.fs">
      <Filter>资源文件</Filter>
    </None>
    <None Include="textureShader.vs">
      <Filter>资源文件</Filter>
    </None>
    <None Include="imgui.ini">
      <Filter>头文件\imgui</Filter>
    </None>
    <None Include="colorShader.vs">
      <Filter>资源文件</Filter>
    </None>
    <None Include="colorShader.fs">
      <Filter>资源文件</Filter>
    </None>
    <None Include="skybox.fs">
      <Filter>资源文件</Filter>
    </None>
    <None Include="skybox.vs">
      <Filter>资源文件</Filter>
    </None>
  </ItemGroup>
</Project>